
Microsoft Visual Studio Solution File, Format Version 12.00
# Visual Studio Version 17
VisualStudioVersion = 17.3.32519.111
MinimumVisualStudioVersion = 10.0.40219.1
Project("{FAE04EC0-301F-11D3-BF4B-00C04F79EFBC}") = "LoginDemo.App", "LoginDemo.App\LoginDemo.App.csproj", "{C490F425-BF0F-464C-9237-079965E682D2}"
EndProject
Project("{2150E333-8FDC-42A3-9474-1A3956D46DE8}") = "Libraries", "Libraries", "{139DDAA7-DD48-49AF-9929-BBA4FBDB8C92}"
EndProject
Project("{FAE04EC0-301F-11D3-BF4B-00C04F79EFBC}") = "LoginDemo.Models", "LoginDemo.Models\LoginDemo.Models.csproj", "{C5269616-566E-4D7E-9C4E-ED11ADF2DCA7}"
EndProject
Project("{FAE04EC0-301F-11D3-BF4B-00C04F79EFBC}") = "LoginDemo.ViewModels", "LoginDemo.ViewModels\LoginDemo.ViewModels.csproj", "{A8ECB825-7D57-40E3-8BF1-75E17F9C4952}"
EndProject
Project("{FAE04EC0-301F-11D3-BF4B-00C04F79EFBC}") = "LoginDemo.Common", "LoginDemo.Common\LoginDemo.Common.csproj", "{B68E4954-E252-4C46-83A5-0F9926036E43}"
EndProject
Project("{FAE04EC0-301F-11D3-BF4B-00C04F79EFBC}") = "LoginDemo.Services", "LoginDemo.Services\LoginDemo.Services.csproj", "{3977D134-89FA-4BEC-8B5C-FA8B3A1ED409}"
EndProject
Global
	GlobalSection(SolutionConfigurationPlatforms) = preSolution
		Debug|Any CPU = Debug|Any CPU
		Debug|ARM = Debug|ARM
		Debug|ARM64 = Debug|ARM64
		Debug|x64 = Debug|x64
		Debug|x86 = Debug|x86
		Release|Any CPU = Release|Any CPU
		Release|ARM = Release|ARM
		Release|ARM64 = Release|ARM64
		Release|x64 = Release|x64
		Release|x86 = Release|x86
	EndGlobalSection
	GlobalSection(ProjectConfigurationPlatforms) = postSolution
		{C490F425-BF0F-464C-9237-079965E682D2}.Debug|Any CPU.ActiveCfg = Debug|x64
		{C490F425-BF0F-464C-9237-079965E682D2}.Debug|Any CPU.Build.0 = Debug|x64
		{C490F425-BF0F-464C-9237-079965E682D2}.Debug|Any CPU.Deploy.0 = Debug|x64
		{C490F425-BF0F-464C-9237-079965E682D2}.Debug|ARM.ActiveCfg = Debug|ARM
		{C490F425-BF0F-464C-9237-079965E682D2}.Debug|ARM.Build.0 = Debug|ARM
		{C490F425-BF0F-464C-9237-079965E682D2}.Debug|ARM.Deploy.0 = Debug|ARM
		{C490F425-BF0F-464C-9237-079965E682D2}.Debug|ARM64.ActiveCfg = Debug|ARM64
		{C490F425-BF0F-464C-9237-079965E682D2}.Debug|ARM64.Build.0 = Debug|ARM64
		{C490F425-BF0F-464C-9237-079965E682D2}.Debug|ARM64.Deploy.0 = Debug|ARM64
		{C490F425-BF0F-464C-9237-079965E682D2}.Debug|x64.ActiveCfg = Debug|x64
		{C490F425-BF0F-464C-9237-079965E682D2}.Debug|x64.Build.0 = Debug|x64
		{C490F425-BF0F-464C-9237-079965E682D2}.Debug|x64.Deploy.0 = Debug|x64
		{C490F425-BF0F-464C-9237-079965E682D2}.Debug|x86.ActiveCfg = Debug|x86
		{C490F425-BF0F-464C-9237-079965E682D2}.Debug|x86.Build.0 = Debug|x86
		{C490F425-BF0F-464C-9237-079965E682D2}.Debug|x86.Deploy.0 = Debug|x86
		{C490F425-BF0F-464C-9237-079965E682D2}.Release|Any CPU.ActiveCfg = Release|x64
		{C490F425-BF0F-464C-9237-079965E682D2}.Release|Any CPU.Build.0 = Release|x64
		{C490F425-BF0F-464C-9237-079965E682D2}.Release|Any CPU.Deploy.0 = Release|x64
		{C490F425-BF0F-464C-9237-079965E682D2}.Release|ARM.ActiveCfg = Release|ARM
		{C490F425-BF0F-464C-9237-079965E682D2}.Release|ARM.Build.0 = Release|ARM
		{C490F425-BF0F-464C-9237-079965E682D2}.Release|ARM.Deploy.0 = Release|ARM
		{C490F425-BF0F-464C-9237-079965E682D2}.Release|ARM64.ActiveCfg = Release|ARM64
		{C490F425-BF0F-464C-9237-079965E682D2}.Release|ARM64.Build.0 = Release|ARM64
		{C490F425-BF0F-464C-9237-079965E682D2}.Release|ARM64.Deploy.0 = Release|ARM64
		{C490F425-BF0F-464C-9237-079965E682D2}.Release|x64.ActiveCfg = Release|x64
		{C490F425-BF0F-464C-9237-079965E682D2}.Release|x64.Build.0 = Release|x64
		{C490F425-BF0F-464C-9237-079965E682D2}.Release|x64.Deploy.0 = Release|x64
		{C490F425-BF0F-464C-9237-079965E682D2}.Release|x86.ActiveCfg = Release|x86
		{C490F425-BF0F-464C-9237-079965E682D2}.Release|x86.Build.0 = Release|x86
		{C490F425-BF0F-464C-9237-079965E682D2}.Release|x86.Deploy.0 = Release|x86
		{C5269616-566E-4D7E-9C4E-ED11ADF2DCA7}.Debug|Any CPU.ActiveCfg = Debug|Any CPU
		{C5269616-566E-4D7E-9C4E-ED11ADF2DCA7}.Debug|Any CPU.Build.0 = Debug|Any CPU
		{C5269616-566E-4D7E-9C4E-ED11ADF2DCA7}.Debug|ARM.ActiveCfg = Debug|Any CPU
		{C5269616-566E-4D7E-9C4E-ED11ADF2DCA7}.Debug|ARM.Build.0 = Debug|Any CPU
		{C5269616-566E-4D7E-9C4E-ED11ADF2DCA7}.Debug|ARM64.ActiveCfg = Debug|Any CPU
		{C5269616-566E-4D7E-9C4E-ED11ADF2DCA7}.Debug|ARM64.Build.0 = Debug|Any CPU
		{C5269616-566E-4D7E-9C4E-ED11ADF2DCA7}.Debug|x64.ActiveCfg = Debug|Any CPU
		{C5269616-566E-4D7E-9C4E-ED11ADF2DCA7}.Debug|x64.Build.0 = Debug|Any CPU
		{C5269616-566E-4D7E-9C4E-ED11ADF2DCA7}.Debug|x86.ActiveCfg = Debug|Any CPU
		{C5269616-566E-4D7E-9C4E-ED11ADF2DCA7}.Debug|x86.Build.0 = Debug|Any CPU
		{C5269616-566E-4D7E-9C4E-ED11ADF2DCA7}.Release|Any CPU.ActiveCfg = Release|Any CPU
		{C5269616-566E-4D7E-9C4E-ED11ADF2DCA7}.Release|Any CPU.Build.0 = Release|Any CPU
		{C5269616-566E-4D7E-9C4E-ED11ADF2DCA7}.Release|ARM.ActiveCfg = Release|Any CPU
		{C5269616-566E-4D7E-9C4E-ED11ADF2DCA7}.Release|ARM.Build.0 = Release|Any CPU
		{C5269616-566E-4D7E-9C4E-ED11ADF2DCA7}.Release|ARM64.ActiveCfg = Release|Any CPU
		{C5269616-566E-4D7E-9C4E-ED11ADF2DCA7}.Release|ARM64.Build.0 = Release|Any CPU
		{C5269616-566E-4D7E-9C4E-ED11ADF2DCA7}.Release|x64.ActiveCfg = Release|Any CPU
		{C5269616-566E-4D7E-9C4E-ED11ADF2DCA7}.Release|x64.Build.0 = Release|Any CPU
		{C5269616-566E-4D7E-9C4E-ED11ADF2DCA7}.Release|x86.ActiveCfg = Release|Any CPU
		{C5269616-566E-4D7E-9C4E-ED11ADF2DCA7}.Release|x86.Build.0 = Release|Any CPU
		{A8ECB825-7D57-40E3-8BF1-75E17F9C4952}.Debug|Any CPU.ActiveCfg = Debug|Any CPU
		{A8ECB825-7D57-40E3-8BF1-75E17F9C4952}.Debug|Any CPU.Build.0 = Debug|Any CPU
		{A8ECB825-7D57-40E3-8BF1-75E17F9C4952}.Debug|ARM.ActiveCfg = Debug|Any CPU
		{A8ECB825-7D57-40E3-8BF1-75E17F9C4952}.Debug|ARM.Build.0 = Debug|Any CPU
		{A8ECB825-7D57-40E3-8BF1-75E17F9C4952}.Debug|ARM64.ActiveCfg = Debug|Any CPU
		{A8ECB825-7D57-40E3-8BF1-75E17F9C4952}.Debug|ARM64.Build.0 = Debug|Any CPU
		{A8ECB825-7D57-40E3-8BF1-75E17F9C4952}.Debug|x64.ActiveCfg = Debug|Any CPU
		{A8ECB825-7D57-40E3-8BF1-75E17F9C4952}.Debug|x64.Build.0 = Debug|Any CPU
		{A8ECB825-7D57-40E3-8BF1-75E17F9C4952}.Debug|x86.ActiveCfg = Debug|Any CPU
		{A8ECB825-7D57-40E3-8BF1-75E17F9C4952}.Debug|x86.Build.0 = Debug|Any CPU
		{A8ECB825-7D57-40E3-8BF1-75E17F9C4952}.Release|Any CPU.ActiveCfg = Release|Any CPU
		{A8ECB825-7D57-40E3-8BF1-75E17F9C4952}.Release|Any CPU.Build.0 = Release|Any CPU
		{A8ECB825-7D57-40E3-8BF1-75E17F9C4952}.Release|ARM.ActiveCfg = Release|Any CPU
		{A8ECB825-7D57-40E3-8BF1-75E17F9C4952}.Release|ARM.Build.0 = Release|Any CPU
		{A8ECB825-7D57-40E3-8BF1-75E17F9C4952}.Release|ARM64.ActiveCfg = Release|Any CPU
		{A8ECB825-7D57-40E3-8BF1-75E17F9C4952}.Release|ARM64.Build.0 = Release|Any CPU
		{A8ECB825-7D57-40E3-8BF1-75E17F9C4952}.Release|x64.ActiveCfg = Release|Any CPU
		{A8ECB825-7D57-40E3-8BF1-75E17F9C4952}.Release|x64.Build.0 = Release|Any CPU
		{A8ECB825-7D57-40E3-8BF1-75E17F9C4952}.Release|x86.ActiveCfg = Release|Any CPU
		{A8ECB825-7D57-40E3-8BF1-75E17F9C4952}.Release|x86.Build.0 = Release|Any CPU
		{B68E4954-E252-4C46-83A5-0F9926036E43}.Debug|Any CPU.ActiveCfg = Debug|Any CPU
		{B68E4954-E252-4C46-83A5-0F9926036E43}.Debug|Any CPU.Build.0 = Debug|Any CPU
		{B68E4954-E252-4C46-83A5-0F9926036E43}.Debug|ARM.ActiveCfg = Debug|Any CPU
		{B68E4954-E252-4C46-83A5-0F9926036E43}.Debug|ARM.Build.0 = Debug|Any CPU
		{B68E4954-E252-4C46-83A5-0F9926036E43}.Debug|ARM64.ActiveCfg = Debug|Any CPU
		{B68E4954-E252-4C46-83A5-0F9926036E43}.Debug|ARM64.Build.0 = Debug|Any CPU
		{B68E4954-E252-4C46-83A5-0F9926036E43}.Debug|x64.ActiveCfg = Debug|Any CPU
		{B68E4954-E252-4C46-83A5-0F9926036E43}.Debug|x64.Build.0 = Debug|Any CPU
		{B68E4954-E252-4C46-83A5-0F9926036E43}.Debug|x86.ActiveCfg = Debug|Any CPU
		{B68E4954-E252-4C46-83A5-0F9926036E43}.Debug|x86.Build.0 = Debug|Any CPU
		{B68E4954-E252-4C46-83A5-0F9926036E43}.Release|Any CPU.ActiveCfg = Release|Any CPU
		{B68E4954-E252-4C46-83A5-0F9926036E43}.Release|Any CPU.Build.0 = Release|Any CPU
		{B68E4954-E252-4C46-83A5-0F9926036E43}.Release|ARM.ActiveCfg = Release|Any CPU
		{B68E4954-E252-4C46-83A5-0F9926036E43}.Release|ARM.Build.0 = Release|Any CPU
		{B68E4954-E252-4C46-83A5-0F9926036E43}.Release|ARM64.ActiveCfg = Release|Any CPU
		{B68E4954-E252-4C46-83A5-0F9926036E43}.Release|ARM64.Build.0 = Release|Any CPU
		{B68E4954-E252-4C46-83A5-0F9926036E43}.Release|x64.ActiveCfg = Release|Any CPU
		{B68E4954-E252-4C46-83A5-0F9926036E43}.Release|x64.Build.0 = Release|Any CPU
		{B68E4954-E252-4C46-83A5-0F9926036E43}.Release|x86.ActiveCfg = Release|Any CPU
		{B68E4954-E252-4C46-83A5-0F9926036E43}.Release|x86.Build.0 = Release|Any CPU
		{3977D134-89FA-4BEC-8B5C-FA8B3A1ED409}.Debug|Any CPU.ActiveCfg = Debug|Any CPU
		{3977D134-89FA-4BEC-8B5C-FA8B3A1ED409}.Debug|Any CPU.Build.0 = Debug|Any CPU
		{3977D134-89FA-4BEC-8B5C-FA8B3A1ED409}.Debug|ARM.ActiveCfg = Debug|Any CPU
		{3977D134-89FA-4BEC-8B5C-FA8B3A1ED409}.Debug|ARM.Build.0 = Debug|Any CPU
		{3977D134-89FA-4BEC-8B5C-FA8B3A1ED409}.Debug|ARM64.ActiveCfg = Debug|Any CPU
		{3977D134-89FA-4BEC-8B5C-FA8B3A1ED409}.Debug|ARM64.Build.0 = Debug|Any CPU
		{3977D134-89FA-4BEC-8B5C-FA8B3A1ED409}.Debug|x64.ActiveCfg = Debug|Any CPU
		{3977D134-89FA-4BEC-8B5C-FA8B3A1ED409}.Debug|x64.Build.0 = Debug|Any CPU
		{3977D134-89FA-4BEC-8B5C-FA8B3A1ED409}.Debug|x86.ActiveCfg = Debug|Any CPU
		{3977D134-89FA-4BEC-8B5C-FA8B3A1ED409}.Debug|x86.Build.0 = Debug|Any CPU
		{3977D134-89FA-4BEC-8B5C-FA8B3A1ED409}.Release|Any CPU.ActiveCfg = Release|Any CPU
		{3977D134-89FA-4BEC-8B5C-FA8B3A1ED409}.Release|Any CPU.Build.0 = Release|Any CPU
		{3977D134-89FA-4BEC-8B5C-FA8B3A1ED409}.Release|ARM.ActiveCfg = Release|Any CPU
		{3977D134-89FA-4BEC-8B5C-FA8B3A1ED409}.Release|ARM.Build.0 = Release|Any CPU
		{3977D134-89FA-4BEC-8B5C-FA8B3A1ED409}.Release|ARM64.ActiveCfg = Release|Any CPU
		{3977D134-89FA-4BEC-8B5C-FA8B3A1ED409}.Release|ARM64.Build.0 = Release|Any CPU
		{3977D134-89FA-4BEC-8B5C-FA8B3A1ED409}.Release|x64.ActiveCfg = Release|Any CPU
		{3977D134-89FA-4BEC-8B5C-FA8B3A1ED409}.Release|x64.Build.0 = Release|Any CPU
		{3977D134-89FA-4BEC-8B5C-FA8B3A1ED409}.Release|x86.ActiveCfg = Release|Any CPU
		{3977D134-89FA-4BEC-8B5C-FA8B3A1ED409}.Release|x86.Build.0 = Release|Any CPU
	EndGlobalSection
	GlobalSection(SolutionProperties) = preSolution
		HideSolutionNode = FALSE
	EndGlobalSection
	GlobalSection(NestedProjects) = preSolution
		{C5269616-566E-4D7E-9C4E-ED11ADF2DCA7} = {139DDAA7-DD48-49AF-9929-BBA4FBDB8C92}
		{A8ECB825-7D57-40E3-8BF1-75E17F9C4952} = {139DDAA7-DD48-49AF-9929-BBA4FBDB8C92}
		{B68E4954-E252-4C46-83A5-0F9926036E43} = {139DDAA7-DD48-49AF-9929-BBA4FBDB8C92}
		{3977D134-89FA-4BEC-8B5C-FA8B3A1ED409} = {139DDAA7-DD48-49AF-9929-BBA4FBDB8C92}
	EndGlobalSection
	GlobalSection(ExtensibilityGlobals) = postSolution
		SolutionGuid = {08A98BFF-4115-465D-880B-195D4FE88F86}
	EndGlobalSection
EndGlobal
